
Microsoft Visual Studio Solution File, Format Version 12.00
# Visual Studio 15
VisualStudioVersion = 15.0.26124.0
MinimumVisualStudioVersion = 15.0.26124.0
Project("{FAE04EC0-301F-11D3-BF4B-00C04F79EFBC}") = "ids", "ids\ids.csproj", "{2AAE0468-48D0-4CC6-A04C-4B0CCDB01256}"
EndProject
Project("{FAE04EC0-301F-11D3-BF4B-00C04F79EFBC}") = "console-client", "console-client\console-client.csproj", "{E52541A1-2639-447C-AE65-759F91733E75}"
EndProject
Project("{FAE04EC0-301F-11D3-BF4B-00C04F79EFBC}") = "api", "api\api.csproj", "{1CE536EA-BDAB-4168-A83A-4B269CE3C764}"
EndProject
Project("{FAE04EC0-301F-11D3-BF4B-00C04F79EFBC}") = "frontend", "frontend\frontend.csproj", "{6BFB9688-C412-4D4F-B0CE-A33D0D96D5ED}"
EndProject
Global
	GlobalSection(SolutionConfigurationPlatforms) = preSolution
		Debug|Any CPU = Debug|Any CPU
		Debug|x64 = Debug|x64
		Debug|x86 = Debug|x86
		Release|Any CPU = Release|Any CPU
		Release|x64 = Release|x64
		Release|x86 = Release|x86
	EndGlobalSection
	GlobalSection(SolutionProperties) = preSolution
		HideSolutionNode = FALSE
	EndGlobalSection
	GlobalSection(ProjectConfigurationPlatforms) = postSolution
		{2AAE0468-48D0-4CC6-A04C-4B0CCDB01256}.Debug|Any CPU.ActiveCfg = Debug|Any CPU
		{2AAE0468-48D0-4CC6-A04C-4B0CCDB01256}.Debug|Any CPU.Build.0 = Debug|Any CPU
		{2AAE0468-48D0-4CC6-A04C-4B0CCDB01256}.Debug|x64.ActiveCfg = Debug|Any CPU
		{2AAE0468-48D0-4CC6-A04C-4B0CCDB01256}.Debug|x64.Build.0 = Debug|Any CPU
		{2AAE0468-48D0-4CC6-A04C-4B0CCDB01256}.Debug|x86.ActiveCfg = Debug|Any CPU
		{2AAE0468-48D0-4CC6-A04C-4B0CCDB01256}.Debug|x86.Build.0 = Debug|Any CPU
		{2AAE0468-48D0-4CC6-A04C-4B0CCDB01256}.Release|Any CPU.ActiveCfg = Release|Any CPU
		{2AAE0468-48D0-4CC6-A04C-4B0CCDB01256}.Release|Any CPU.Build.0 = Release|Any CPU
		{2AAE0468-48D0-4CC6-A04C-4B0CCDB01256}.Release|x64.ActiveCfg = Release|Any CPU
		{2AAE0468-48D0-4CC6-A04C-4B0CCDB01256}.Release|x64.Build.0 = Release|Any CPU
		{2AAE0468-48D0-4CC6-A04C-4B0CCDB01256}.Release|x86.ActiveCfg = Release|Any CPU
		{2AAE0468-48D0-4CC6-A04C-4B0CCDB01256}.Release|x86.Build.0 = Release|Any CPU
		{E52541A1-2639-447C-AE65-759F91733E75}.Debug|Any CPU.ActiveCfg = Debug|Any CPU
		{E52541A1-2639-447C-AE65-759F91733E75}.Debug|Any CPU.Build.0 = Debug|Any CPU
		{E52541A1-2639-447C-AE65-759F91733E75}.Debug|x64.ActiveCfg = Debug|Any CPU
		{E52541A1-2639-447C-AE65-759F91733E75}.Debug|x64.Build.0 = Debug|Any CPU
		{E52541A1-2639-447C-AE65-759F91733E75}.Debug|x86.ActiveCfg = Debug|Any CPU
		{E52541A1-2639-447C-AE65-759F91733E75}.Debug|x86.Build.0 = Debug|Any CPU
		{E52541A1-2639-447C-AE65-759F91733E75}.Release|Any CPU.ActiveCfg = Release|Any CPU
		{E52541A1-2639-447C-AE65-759F91733E75}.Release|Any CPU.Build.0 = Release|Any CPU
		{E52541A1-2639-447C-AE65-759F91733E75}.Release|x64.ActiveCfg = Release|Any CPU
		{E52541A1-2639-447C-AE65-759F91733E75}.Release|x64.Build.0 = Release|Any CPU
		{E52541A1-2639-447C-AE65-759F91733E75}.Release|x86.ActiveCfg = Release|Any CPU
		{E52541A1-2639-447C-AE65-759F91733E75}.Release|x86.Build.0 = Release|Any CPU
		{1CE536EA-BDAB-4168-A83A-4B269CE3C764}.Debug|Any CPU.ActiveCfg = Debug|Any CPU
		{1CE536EA-BDAB-4168-A83A-4B269CE3C764}.Debug|Any CPU.Build.0 = Debug|Any CPU
		{1CE536EA-BDAB-4168-A83A-4B269CE3C764}.Debug|x64.ActiveCfg = Debug|Any CPU
		{1CE536EA-BDAB-4168-A83A-4B269CE3C764}.Debug|x64.Build.0 = Debug|Any CPU
		{1CE536EA-BDAB-4168-A83A-4B269CE3C764}.Debug|x86.ActiveCfg = Debug|Any CPU
		{1CE536EA-BDAB-4168-A83A-4B269CE3C764}.Debug|x86.Build.0 = Debug|Any CPU
		{1CE536EA-BDAB-4168-A83A-4B269CE3C764}.Release|Any CPU.ActiveCfg = Release|Any CPU
		{1CE536EA-BDAB-4168-A83A-4B269CE3C764}.Release|Any CPU.Build.0 = Release|Any CPU
		{1CE536EA-BDAB-4168-A83A-4B269CE3C764}.Release|x64.ActiveCfg = Release|Any CPU
		{1CE536EA-BDAB-4168-A83A-4B269CE3C764}.Release|x64.Build.0 = Release|Any CPU
		{1CE536EA-BDAB-4168-A83A-4B269CE3C764}.Release|x86.ActiveCfg = Release|Any CPU
		{1CE536EA-BDAB-4168-A83A-4B269CE3C764}.Release|x86.Build.0 = Release|Any CPU
		{6BFB9688-C412-4D4F-B0CE-A33D0D96D5ED}.Debug|Any CPU.ActiveCfg = Debug|Any CPU
		{6BFB9688-C412-4D4F-B0CE-A33D0D96D5ED}.Debug|Any CPU.Build.0 = Debug|Any CPU
		{6BFB9688-C412-4D4F-B0CE-A33D0D96D5ED}.Debug|x64.ActiveCfg = Debug|Any CPU
		{6BFB9688-C412-4D4F-B0CE-A33D0D96D5ED}.Debug|x64.Build.0 = Debug|Any CPU
		{6BFB9688-C412-4D4F-B0CE-A33D0D96D5ED}.Debug|x86.ActiveCfg = Debug|Any CPU
		{6BFB9688-C412-4D4F-B0CE-A33D0D96D5ED}.Debug|x86.Build.0 = Debug|Any CPU
		{6BFB9688-C412-4D4F-B0CE-A33D0D96D5ED}.Release|Any CPU.ActiveCfg = Release|Any CPU
		{6BFB9688-C412-4D4F-B0CE-A33D0D96D5ED}.Release|Any CPU.Build.0 = Release|Any CPU
		{6BFB9688-C412-4D4F-B0CE-A33D0D96D5ED}.Release|x64.ActiveCfg = Release|Any CPU
		{6BFB9688-C412-4D4F-B0CE-A33D0D96D5ED}.Release|x64.Build.0 = Release|Any CPU
		{6BFB9688-C412-4D4F-B0CE-A33D0D96D5ED}.Release|x86.ActiveCfg = Release|Any CPU
		{6BFB9688-C412-4D4F-B0CE-A33D0D96D5ED}.Release|x86.Build.0 = Release|Any CPU
	EndGlobalSection
EndGlobal
